{
    "name": "virtual-pinboard",
    "version": "0.0.1",
    "lockfileVersion": 1,
    "requires": true,
    "dependencies": {
        "@interactjs/types": {
            "version": "1.10.2",
            "resolved": "https://registry.npmjs.org/@interactjs/types/-/types-1.10.2.tgz",
            "integrity": "sha512-l0T1bU8OHRv716ztQOYwP+K7b/lA76C0T3r/cdabbUv6CKeAFdFRRFlmNxYOM36SxMGWAiq5VWrN3SeXlB7Fow=="
        },
        "interactjs": {
            "version": "1.10.2",
            "resolved": "https://registry.npmjs.org/interactjs/-/interactjs-1.10.2.tgz",
            "integrity": "sha512-5tj+4k0jtIzUj4TeLp4+F4VUAHXzQHnXfFwuaUsU1pnfRXiP3EqawsUpAn7gfAOS6Ltj6EQvvurCN9GJn/G/Pw==",
            "requires": {
                "@interactjs/types": "1.10.2"
            }
        }
    }
}
